
Microsoft Visual Studio Solution File, Format Version 12.00
# Visual Studio Version 17
VisualStudioVersion = 17.4.33403.182
MinimumVisualStudioVersion = 10.0.40219.1
Project("{FAE04EC0-301F-11D3-BF4B-00C04F79EFBC}") = "DelegatesExamples.Net5.0", "DelegatesExamples.Net5.0\DelegatesExamples.Net5.0.csproj", "{C2A06425-9A99-4620-ACB4-EED7463A8428}"
EndProject
Global
	GlobalSection(SolutionConfigurationPlatforms) = preSolution
		Debug|Any CPU = Debug|Any CPU
		Release|Any CPU = Release|Any CPU
	EndGlobalSection
	GlobalSection(ProjectConfigurationPlatforms) = postSolution
		{C2A06425-9A99-4620-ACB4-EED7463A8428}.Debug|Any CPU.ActiveCfg = Debug|Any CPU
		{C2A06425-9A99-4620-ACB4-EED7463A8428}.Debug|Any CPU.Build.0 = Debug|Any CPU
		{C2A06425-9A99-4620-ACB4-EED7463A8428}.Release|Any CPU.ActiveCfg = Release|Any CPU
		{C2A06425-9A99-4620-ACB4-EED7463A8428}.Release|Any CPU.Build.0 = Release|Any CPU
	EndGlobalSection
	GlobalSection(SolutionProperties) = preSolution
		HideSolutionNode = FALSE
	EndGlobalSection
	GlobalSection(ExtensibilityGlobals) = postSolution
		SolutionGuid = {2153486E-6298-4053-BE3A-93347D4C8229}
	EndGlobalSection
EndGlobal
